<?xml version="1.0" encoding="utf-8"?>
<Project ToolsVersion="4.0" xmlns="http://schemas.microsoft.com/developer/msbuild/2003">
  <ItemGroup>
    <Filter Include="Quelldateien">
      <UniqueIdentifier>{4FC737F1-C7A5-4376-A066-2A32D752A2FF}</UniqueIdentifier>
      <Extensions>cpp;c;cc;cxx;c++;cppm;ixx;def;odl;idl;hpj;bat;asm;asmx</Extensions>
    </Filter>
    <Filter Include="Headerdateien">
      <UniqueIdentifier>{93995380-89BD-4b04-88EB-625FBE52EBFB}</UniqueIdentifier>
      <Extensions>h;hh;hpp;hxx;h++;hm;inl;inc;ipp;xsd</Extensions>
    </Filter>
    <Filter Include="Ressourcendateien">
      <UniqueIdentifier>{67DA6AB6-F800-4c08-8B7A-83BB121AAD01}</UniqueIdentifier>
      <Extensions>rc;ico;cur;bmp;dlg;rc2;rct;bin;rgs;gif;jpg;jpeg;jpe;resx;tiff;tif;png;wav;mfcribbon-ms</Extensions>
    </Filter>
    <Filter Include="AppProfiles">
      <UniqueIdentifier>{bc825ad8-1241-4f49-ae35-98a3f4149040}</UniqueIdentifier>
    </Filter>
  </ItemGroup>
  <ItemGroup>
    <ClInclude Include="framework.h">
      <Filter>Headerdateien</Filter>
    </ClInclude>
    <ClInclude Include="targetver.h">
      <Filter>Headerdateien</Filter>
    </ClInclude>
    <ClInclude Include="Resource.h">
      <Filter>Headerdateien</Filter>
    </ClInclude>
    <ClInclude Include="SmartLogiLED.h">
      <Filter>Headerdateien</Filter>
    </ClInclude>
    <ClInclude Include="SmartLogiLED_Config.h">
      <Filter>Headerdateien</Filter>
    </ClInclude>
    <ClInclude Include="LogitechLEDLib.h">
      <Filter>Headerdateien</Filter>
    </ClInclude>
    <ClInclude Include="SmartLogiLED_KeyMapping.h">
      <Filter>Headerdateien</Filter>
    </ClInclude>
    <ClInclude Include="SmartLogiLED_LockKeys.h">
      <Filter>Headerdateien</Filter>
    </ClInclude>
    <ClInclude Include="SmartLogiLED_AppProfiles.h">
      <Filter>Headerdateien</Filter>
    </ClInclude>
    <ClInclude Include="SmartLogiLED_Version.h">
      <Filter>Headerdateien</Filter>
    </ClInclude>
    <ClInclude Include="SmartLogiLED_ProcessMonitor.h">
      <Filter>Headerdateien</Filter>
    </ClInclude>
    <ClInclude Include="SmartLogiLED_Types.h">
      <Filter>Headerdateien</Filter>
    </ClInclude>
    <ClInclude Include="SmartLogiLED_Dialogs.h">
      <Filter>Headerdateien</Filter>
    </ClInclude>
    <ClInclude Include="SmartLogiLED_IniFiles.h">
      <Filter>Headerdateien</Filter>
    </ClInclude>
    <ClInclude Include="SmartLogiLED_Constants.h">
      <Filter>Headerdateien</Filter>
    </ClInclude>
  </ItemGroup>
  <ItemGroup>
    <ClCompile Include="SmartLogiLED.cpp">
      <Filter>Quelldateien</Filter>
    </ClCompile>
    <ClCompile Include="SmartLogiLED_Config.cpp">
      <Filter>Quelldateien</Filter>
    </ClCompile>
    <ClCompile Include="SmartLogiLED_KeyMapping.cpp">
      <Filter>Quelldateien</Filter>
    </ClCompile>
    <ClCompile Include="SmartLogiLED_LockKeys.cpp">
      <Filter>Quelldateien</Filter>
    </ClCompile>
    <ClCompile Include="SmartLogiLED_AppProfiles.cpp">
      <Filter>Quelldateien</Filter>
    </ClCompile>
    <ClCompile Include="SmartLogiLED_ProcessMonitor.cpp">
      <Filter>Quelldateien</Filter>
    </ClCompile>
    <ClCompile Include="SmartLogiLED_Dialogs.cpp">
      <Filter>Quelldateien</Filter>
    </ClCompile>
    <ClCompile Include="SmartLogiLED_IniFiles.cpp">
      <Filter>Quelldateien</Filter>
    </ClCompile>
  </ItemGroup>
  <ItemGroup>
    <Image Include="SmartLogiLED.ico">
      <Filter>Ressourcendateien</Filter>
    </Image>
    <Image Include="SmartLogiLED_small.ico">
      <Filter>Ressourcendateien</Filter>
    </Image>
  </ItemGroup>
  <ItemGroup>
    <None Include="README.md" />
    <None Include="APP_MONITORING_USAGE.md" />
    <None Include="LICENSE" />
    <None Include="CHANGELOG.md" />
    <None Include="GameProfiles\SmartLogiLED_ACMirage.ini">
      <Filter>AppProfiles</Filter>
    </None>
  </ItemGroup>
  <ItemGroup>
    <ResourceCompile Include="SmartLogiLED.rc">
      <Filter>Ressourcendateien</Filter>
    </ResourceCompile>
  </ItemGroup>
</Project>